
Microsoft Visual Studio Solution File, Format Version 12.00
# Visual Studio Version 17
VisualStudioVersion = 17.9.34728.123
MinimumVisualStudioVersion = 10.0.40219.1
Project("{9A19103F-16F7-4668-BE54-9A1E7A4F7556}") = "MilkDairy", "MilkDairy.csproj", "{B2BC2A53-7780-4354-A843-ED4C91B93A0A}"
EndProject
Project("{FAE04EC0-301F-11D3-BF4B-00C04F79EFBC}") = "MIlkDairy.DataAccess", "..\MIlkDairyDataAccess\MIlkDairy.DataAccess.csproj", "{20878FEF-789B-45F2-B231-B7DB188E7097}"
EndProject
Project("{FAE04EC0-301F-11D3-BF4B-00C04F79EFBC}") = "MilkDairy.Model", "..\MilkDairy.Model\MilkDairy.Model.csproj", "{C3B19205-27C8-49D2-AF31-959D6BC26253}"
EndProject
Project("{FAE04EC0-301F-11D3-BF4B-00C04F79EFBC}") = "MilkDairy.Utility", "..\MilkDairy.Utility\MilkDairy.Utility.csproj", "{CDE90312-3448-436A-8A44-6100F5100301}"
EndProject
Global
	GlobalSection(SolutionConfigurationPlatforms) = preSolution
		Debug|Any CPU = Debug|Any CPU
		Release|Any CPU = Release|Any CPU
	EndGlobalSection
	GlobalSection(ProjectConfigurationPlatforms) = postSolution
		{B2BC2A53-7780-4354-A843-ED4C91B93A0A}.Debug|Any CPU.ActiveCfg = Debug|Any CPU
		{B2BC2A53-7780-4354-A843-ED4C91B93A0A}.Debug|Any CPU.Build.0 = Debug|Any CPU
		{B2BC2A53-7780-4354-A843-ED4C91B93A0A}.Release|Any CPU.ActiveCfg = Release|Any CPU
		{B2BC2A53-7780-4354-A843-ED4C91B93A0A}.Release|Any CPU.Build.0 = Release|Any CPU
		{20878FEF-789B-45F2-B231-B7DB188E7097}.Debug|Any CPU.ActiveCfg = Debug|Any CPU
		{20878FEF-789B-45F2-B231-B7DB188E7097}.Debug|Any CPU.Build.0 = Debug|Any CPU
		{20878FEF-789B-45F2-B231-B7DB188E7097}.Release|Any CPU.ActiveCfg = Release|Any CPU
		{20878FEF-789B-45F2-B231-B7DB188E7097}.Release|Any CPU.Build.0 = Release|Any CPU
		{C3B19205-27C8-49D2-AF31-959D6BC26253}.Debug|Any CPU.ActiveCfg = Debug|Any CPU
		{C3B19205-27C8-49D2-AF31-959D6BC26253}.Debug|Any CPU.Build.0 = Debug|Any CPU
		{C3B19205-27C8-49D2-AF31-959D6BC26253}.Release|Any CPU.ActiveCfg = Release|Any CPU
		{C3B19205-27C8-49D2-AF31-959D6BC26253}.Release|Any CPU.Build.0 = Release|Any CPU
		{CDE90312-3448-436A-8A44-6100F5100301}.Debug|Any CPU.ActiveCfg = Debug|Any CPU
		{CDE90312-3448-436A-8A44-6100F5100301}.Debug|Any CPU.Build.0 = Debug|Any CPU
		{CDE90312-3448-436A-8A44-6100F5100301}.Release|Any CPU.ActiveCfg = Release|Any CPU
		{CDE90312-3448-436A-8A44-6100F5100301}.Release|Any CPU.Build.0 = Release|Any CPU
	EndGlobalSection
	GlobalSection(SolutionProperties) = preSolution
		HideSolutionNode = FALSE
	EndGlobalSection
	GlobalSection(ExtensibilityGlobals) = postSolution
		SolutionGuid = {EB938F64-2ABF-4D0D-AB70-EBBE38C4E3A5}
	EndGlobalSection
EndGlobal
